
Microsoft Visual Studio Solution File, Format Version 12.00
# Visual Studio Version 16
VisualStudioVersion = 16.0.30320.27
MinimumVisualStudioVersion = 10.0.40219.1
Project("{FAE04EC0-301F-11D3-BF4B-00C04F79EFBC}") = "ImageFileUpload", "ImageFileUpload\ImageFileUpload.csproj", "{BE949045-395A-4D29-A8AA-8705A0DD69FF}"
EndProject
Global
	GlobalSection(SolutionConfigurationPlatforms) = preSolution
		Debug|Any CPU = Debug|Any CPU
		Release|Any CPU = Release|Any CPU
	EndGlobalSection
	GlobalSection(ProjectConfigurationPlatforms) = postSolution
		{BE949045-395A-4D29-A8AA-8705A0DD69FF}.Debug|Any CPU.ActiveCfg = Debug|Any CPU
		{BE949045-395A-4D29-A8AA-8705A0DD69FF}.Debug|Any CPU.Build.0 = Debug|Any CPU
		{BE949045-395A-4D29-A8AA-8705A0DD69FF}.Release|Any CPU.ActiveCfg = Release|Any CPU
		{BE949045-395A-4D29-A8AA-8705A0DD69FF}.Release|Any CPU.Build.0 = Release|Any CPU
	EndGlobalSection
	GlobalSection(SolutionProperties) = preSolution
		HideSolutionNode = FALSE
	EndGlobalSection
	GlobalSection(ExtensibilityGlobals) = postSolution
		SolutionGuid = {3F891706-4C02-4366-BB82-3E6ADCD4F702}
	EndGlobalSection
EndGlobal
